
Microsoft Visual Studio Solution File, Format Version 12.00
# Visual Studio Version 17
VisualStudioVersion = 17.7.34031.279
MinimumVisualStudioVersion = 10.0.40219.1
Project("{FAE04EC0-301F-11D3-BF4B-00C04F79EFBC}") = "labar9", "labar9\labar9.csproj", "{7132B520-AC05-45B1-91EF-D37D038D9E06}"
EndProject
Project("{FAE04EC0-301F-11D3-BF4B-00C04F79EFBC}") = "TestProject", "TestProject\TestProject.csproj", "{255CB007-626C-4650-9C7B-ED16DA527B79}"
EndProject
Global
	GlobalSection(SolutionConfigurationPlatforms) = preSolution
		Debug|Any CPU = Debug|Any CPU
		Release|Any CPU = Release|Any CPU
	EndGlobalSection
	GlobalSection(ProjectConfigurationPlatforms) = postSolution
		{7132B520-AC05-45B1-91EF-D37D038D9E06}.Debug|Any CPU.ActiveCfg = Debug|Any CPU
		{7132B520-AC05-45B1-91EF-D37D038D9E06}.Debug|Any CPU.Build.0 = Debug|Any CPU
		{7132B520-AC05-45B1-91EF-D37D038D9E06}.Release|Any CPU.ActiveCfg = Release|Any CPU
		{7132B520-AC05-45B1-91EF-D37D038D9E06}.Release|Any CPU.Build.0 = Release|Any CPU
		{255CB007-626C-4650-9C7B-ED16DA527B79}.Debug|Any CPU.ActiveCfg = Debug|Any CPU
		{255CB007-626C-4650-9C7B-ED16DA527B79}.Debug|Any CPU.Build.0 = Debug|Any CPU
		{255CB007-626C-4650-9C7B-ED16DA527B79}.Release|Any CPU.ActiveCfg = Release|Any CPU
		{255CB007-626C-4650-9C7B-ED16DA527B79}.Release|Any CPU.Build.0 = Release|Any CPU
	EndGlobalSection
	GlobalSection(SolutionProperties) = preSolution
		HideSolutionNode = FALSE
	EndGlobalSection
	GlobalSection(ExtensibilityGlobals) = postSolution
		SolutionGuid = {576D63D0-4BE0-490A-A807-1843C6FC2D8A}
	EndGlobalSection
EndGlobal
